
Microsoft Visual Studio Solution File, Format Version 12.00
# Visual Studio Version 16
VisualStudioVersion = 16.0.29609.76
MinimumVisualStudioVersion = 10.0.40219.1
Project("{9A19103F-16F7-4668-BE54-9A1E7A4F7556}") = "VirusSimulator.Core", "VirusSimulator.Core\VirusSimulator.Core.csproj", "{7143F202-A853-42F6-BAC7-3A4DAE32ECA6}"
EndProject
Project("{9A19103F-16F7-4668-BE54-9A1E7A4F7556}") = "VirusSimulator.WPF", "VirusSimulator.WPF\VirusSimulator.WPF.csproj", "{468F9893-A254-4EB0-9813-E2183A1DF0D1}"
EndProject
Project("{9A19103F-16F7-4668-BE54-9A1E7A4F7556}") = "VirusSimulator.Processor", "VirusSimulator.Processor\VirusSimulator.Processor.csproj", "{018A1D7F-9E32-4BF3-95CB-4BEFAD5F967F}"
EndProject
Project("{9A19103F-16F7-4668-BE54-9A1E7A4F7556}") = "VirusSimulator.Image", "VirusSimulator.Image\VirusSimulator.Image.csproj", "{1633A73B-51D3-4B6F-80D1-5D67DC6F8A3D}"
EndProject
Project("{9A19103F-16F7-4668-BE54-9A1E7A4F7556}") = "VirusSimulator.Image.WPF", "VirusSimulator.Image.WPF\VirusSimulator.Image.WPF.csproj", "{88DDAB51-D854-4B29-BF7B-9065AEA206C0}"
EndProject
Project("{9A19103F-16F7-4668-BE54-9A1E7A4F7556}") = "VirusSimulator.SIR", "VirusSimulator.SIR\VirusSimulator.SIR.csproj", "{FECF6DE6-CBC2-4C55-8BBB-FAF480A42533}"
EndProject
Global
	GlobalSection(SolutionConfigurationPlatforms) = preSolution
		Debug|Any CPU = Debug|Any CPU
		Debug|ARM = Debug|ARM
		Debug|ARM64 = Debug|ARM64
		Debug|x64 = Debug|x64
		Debug|x86 = Debug|x86
		Release|Any CPU = Release|Any CPU
		Release|ARM = Release|ARM
		Release|ARM64 = Release|ARM64
		Release|x64 = Release|x64
		Release|x86 = Release|x86
	EndGlobalSection
	GlobalSection(ProjectConfigurationPlatforms) = postSolution
		{7143F202-A853-42F6-BAC7-3A4DAE32ECA6}.Debug|Any CPU.ActiveCfg = Debug|Any CPU
		{7143F202-A853-42F6-BAC7-3A4DAE32ECA6}.Debug|Any CPU.Build.0 = Debug|Any CPU
		{7143F202-A853-42F6-BAC7-3A4DAE32ECA6}.Debug|ARM.ActiveCfg = Debug|Any CPU
		{7143F202-A853-42F6-BAC7-3A4DAE32ECA6}.Debug|ARM.Build.0 = Debug|Any CPU
		{7143F202-A853-42F6-BAC7-3A4DAE32ECA6}.Debug|ARM64.ActiveCfg = Debug|Any CPU
		{7143F202-A853-42F6-BAC7-3A4DAE32ECA6}.Debug|ARM64.Build.0 = Debug|Any CPU
		{7143F202-A853-42F6-BAC7-3A4DAE32ECA6}.Debug|x64.ActiveCfg = Debug|Any CPU
		{7143F202-A853-42F6-BAC7-3A4DAE32ECA6}.Debug|x64.Build.0 = Debug|Any CPU
		{7143F202-A853-42F6-BAC7-3A4DAE32ECA6}.Debug|x86.ActiveCfg = Debug|Any CPU
		{7143F202-A853-42F6-BAC7-3A4DAE32ECA6}.Debug|x86.Build.0 = Debug|Any CPU
		{7143F202-A853-42F6-BAC7-3A4DAE32ECA6}.Release|Any CPU.ActiveCfg = Release|Any CPU
		{7143F202-A853-42F6-BAC7-3A4DAE32ECA6}.Release|Any CPU.Build.0 = Release|Any CPU
		{7143F202-A853-42F6-BAC7-3A4DAE32ECA6}.Release|ARM.ActiveCfg = Release|Any CPU
		{7143F202-A853-42F6-BAC7-3A4DAE32ECA6}.Release|ARM.Build.0 = Release|Any CPU
		{7143F202-A853-42F6-BAC7-3A4DAE32ECA6}.Release|ARM64.ActiveCfg = Release|Any CPU
		{7143F202-A853-42F6-BAC7-3A4DAE32ECA6}.Release|ARM64.Build.0 = Release|Any CPU
		{7143F202-A853-42F6-BAC7-3A4DAE32ECA6}.Release|x64.ActiveCfg = Release|Any CPU
		{7143F202-A853-42F6-BAC7-3A4DAE32ECA6}.Release|x64.Build.0 = Release|Any CPU
		{7143F202-A853-42F6-BAC7-3A4DAE32ECA6}.Release|x86.ActiveCfg = Release|Any CPU
		{7143F202-A853-42F6-BAC7-3A4DAE32ECA6}.Release|x86.Build.0 = Release|Any CPU
		{468F9893-A254-4EB0-9813-E2183A1DF0D1}.Debug|Any CPU.ActiveCfg = Debug|Any CPU
		{468F9893-A254-4EB0-9813-E2183A1DF0D1}.Debug|Any CPU.Build.0 = Debug|Any CPU
		{468F9893-A254-4EB0-9813-E2183A1DF0D1}.Debug|ARM.ActiveCfg = Debug|Any CPU
		{468F9893-A254-4EB0-9813-E2183A1DF0D1}.Debug|ARM.Build.0 = Debug|Any CPU
		{468F9893-A254-4EB0-9813-E2183A1DF0D1}.Debug|ARM64.ActiveCfg = Debug|Any CPU
		{468F9893-A254-4EB0-9813-E2183A1DF0D1}.Debug|ARM64.Build.0 = Debug|Any CPU
		{468F9893-A254-4EB0-9813-E2183A1DF0D1}.Debug|x64.ActiveCfg = Debug|Any CPU
		{468F9893-A254-4EB0-9813-E2183A1DF0D1}.Debug|x64.Build.0 = Debug|Any CPU
		{468F9893-A254-4EB0-9813-E2183A1DF0D1}.Debug|x86.ActiveCfg = Debug|Any CPU
		{468F9893-A254-4EB0-9813-E2183A1DF0D1}.Debug|x86.Build.0 = Debug|Any CPU
		{468F9893-A254-4EB0-9813-E2183A1DF0D1}.Release|Any CPU.ActiveCfg = Release|Any CPU
		{468F9893-A254-4EB0-9813-E2183A1DF0D1}.Release|Any CPU.Build.0 = Release|Any CPU
		{468F9893-A254-4EB0-9813-E2183A1DF0D1}.Release|ARM.ActiveCfg = Release|Any CPU
		{468F9893-A254-4EB0-9813-E2183A1DF0D1}.Release|ARM.Build.0 = Release|Any CPU
		{468F9893-A254-4EB0-9813-E2183A1DF0D1}.Release|ARM64.ActiveCfg = Release|Any CPU
		{468F9893-A254-4EB0-9813-E2183A1DF0D1}.Release|ARM64.Build.0 = Release|Any CPU
		{468F9893-A254-4EB0-9813-E2183A1DF0D1}.Release|x64.ActiveCfg = Release|Any CPU
		{468F9893-A254-4EB0-9813-E2183A1DF0D1}.Release|x64.Build.0 = Release|Any CPU
		{468F9893-A254-4EB0-9813-E2183A1DF0D1}.Release|x86.ActiveCfg = Release|Any CPU
		{468F9893-A254-4EB0-9813-E2183A1DF0D1}.Release|x86.Build.0 = Release|Any CPU
		{018A1D7F-9E32-4BF3-95CB-4BEFAD5F967F}.Debug|Any CPU.ActiveCfg = Debug|Any CPU
		{018A1D7F-9E32-4BF3-95CB-4BEFAD5F967F}.Debug|Any CPU.Build.0 = Debug|Any CPU
		{018A1D7F-9E32-4BF3-95CB-4BEFAD5F967F}.Debug|ARM.ActiveCfg = Debug|Any CPU
		{018A1D7F-9E32-4BF3-95CB-4BEFAD5F967F}.Debug|ARM.Build.0 = Debug|Any CPU
		{018A1D7F-9E32-4BF3-95CB-4BEFAD5F967F}.Debug|ARM64.ActiveCfg = Debug|Any CPU
		{018A1D7F-9E32-4BF3-95CB-4BEFAD5F967F}.Debug|ARM64.Build.0 = Debug|Any CPU
		{018A1D7F-9E32-4BF3-95CB-4BEFAD5F967F}.Debug|x64.ActiveCfg = Debug|Any CPU
		{018A1D7F-9E32-4BF3-95CB-4BEFAD5F967F}.Debug|x64.Build.0 = Debug|Any CPU
		{018A1D7F-9E32-4BF3-95CB-4BEFAD5F967F}.Debug|x86.ActiveCfg = Debug|Any CPU
		{018A1D7F-9E32-4BF3-95CB-4BEFAD5F967F}.Debug|x86.Build.0 = Debug|Any CPU
		{018A1D7F-9E32-4BF3-95CB-4BEFAD5F967F}.Release|Any CPU.ActiveCfg = Release|Any CPU
		{018A1D7F-9E32-4BF3-95CB-4BEFAD5F967F}.Release|Any CPU.Build.0 = Release|Any CPU
		{018A1D7F-9E32-4BF3-95CB-4BEFAD5F967F}.Release|ARM.ActiveCfg = Release|Any CPU
		{018A1D7F-9E32-4BF3-95CB-4BEFAD5F967F}.Release|ARM.Build.0 = Release|Any CPU
		{018A1D7F-9E32-4BF3-95CB-4BEFAD5F967F}.Release|ARM64.ActiveCfg = Release|Any CPU
		{018A1D7F-9E32-4BF3-95CB-4BEFAD5F967F}.Release|ARM64.Build.0 = Release|Any CPU
		{018A1D7F-9E32-4BF3-95CB-4BEFAD5F967F}.Release|x64.ActiveCfg = Release|Any CPU
		{018A1D7F-9E32-4BF3-95CB-4BEFAD5F967F}.Release|x64.Build.0 = Release|Any CPU
		{018A1D7F-9E32-4BF3-95CB-4BEFAD5F967F}.Release|x86.ActiveCfg = Release|Any CPU
		{018A1D7F-9E32-4BF3-95CB-4BEFAD5F967F}.Release|x86.Build.0 = Release|Any CPU
		{1633A73B-51D3-4B6F-80D1-5D67DC6F8A3D}.Debug|Any CPU.ActiveCfg = Debug|Any CPU
		{1633A73B-51D3-4B6F-80D1-5D67DC6F8A3D}.Debug|Any CPU.Build.0 = Debug|Any CPU
		{1633A73B-51D3-4B6F-80D1-5D67DC6F8A3D}.Debug|ARM.ActiveCfg = Debug|Any CPU
		{1633A73B-51D3-4B6F-80D1-5D67DC6F8A3D}.Debug|ARM.Build.0 = Debug|Any CPU
		{1633A73B-51D3-4B6F-80D1-5D67DC6F8A3D}.Debug|ARM64.ActiveCfg = Debug|Any CPU
		{1633A73B-51D3-4B6F-80D1-5D67DC6F8A3D}.Debug|ARM64.Build.0 = Debug|Any CPU
		{1633A73B-51D3-4B6F-80D1-5D67DC6F8A3D}.Debug|x64.ActiveCfg = Debug|Any CPU
		{1633A73B-51D3-4B6F-80D1-5D67DC6F8A3D}.Debug|x64.Build.0 = Debug|Any CPU
		{1633A73B-51D3-4B6F-80D1-5D67DC6F8A3D}.Debug|x86.ActiveCfg = Debug|Any CPU
		{1633A73B-51D3-4B6F-80D1-5D67DC6F8A3D}.Debug|x86.Build.0 = Debug|Any CPU
		{1633A73B-51D3-4B6F-80D1-5D67DC6F8A3D}.Release|Any CPU.ActiveCfg = Release|Any CPU
		{1633A73B-51D3-4B6F-80D1-5D67DC6F8A3D}.Release|Any CPU.Build.0 = Release|Any CPU
		{1633A73B-51D3-4B6F-80D1-5D67DC6F8A3D}.Release|ARM.ActiveCfg = Release|Any CPU
		{1633A73B-51D3-4B6F-80D1-5D67DC6F8A3D}.Release|ARM.Build.0 = Release|Any CPU
		{1633A73B-51D3-4B6F-80D1-5D67DC6F8A3D}.Release|ARM64.ActiveCfg = Release|Any CPU
		{1633A73B-51D3-4B6F-80D1-5D67DC6F8A3D}.Release|ARM64.Build.0 = Release|Any CPU
		{1633A73B-51D3-4B6F-80D1-5D67DC6F8A3D}.Release|x64.ActiveCfg = Release|Any CPU
		{1633A73B-51D3-4B6F-80D1-5D67DC6F8A3D}.Release|x64.Build.0 = Release|Any CPU
		{1633A73B-51D3-4B6F-80D1-5D67DC6F8A3D}.Release|x86.ActiveCfg = Release|Any CPU
		{1633A73B-51D3-4B6F-80D1-5D67DC6F8A3D}.Release|x86.Build.0 = Release|Any CPU
		{88DDAB51-D854-4B29-BF7B-9065AEA206C0}.Debug|Any CPU.ActiveCfg = Debug|Any CPU
		{88DDAB51-D854-4B29-BF7B-9065AEA206C0}.Debug|Any CPU.Build.0 = Debug|Any CPU
		{88DDAB51-D854-4B29-BF7B-9065AEA206C0}.Debug|ARM.ActiveCfg = Debug|Any CPU
		{88DDAB51-D854-4B29-BF7B-9065AEA206C0}.Debug|ARM.Build.0 = Debug|Any CPU
		{88DDAB51-D854-4B29-BF7B-9065AEA206C0}.Debug|ARM64.ActiveCfg = Debug|Any CPU
		{88DDAB51-D854-4B29-BF7B-9065AEA206C0}.Debug|ARM64.Build.0 = Debug|Any CPU
		{88DDAB51-D854-4B29-BF7B-9065AEA206C0}.Debug|x64.ActiveCfg = Debug|Any CPU
		{88DDAB51-D854-4B29-BF7B-9065AEA206C0}.Debug|x64.Build.0 = Debug|Any CPU
		{88DDAB51-D854-4B29-BF7B-9065AEA206C0}.Debug|x86.ActiveCfg = Debug|Any CPU
		{88DDAB51-D854-4B29-BF7B-9065AEA206C0}.Debug|x86.Build.0 = Debug|Any CPU
		{88DDAB51-D854-4B29-BF7B-9065AEA206C0}.Release|Any CPU.ActiveCfg = Release|Any CPU
		{88DDAB51-D854-4B29-BF7B-9065AEA206C0}.Release|Any CPU.Build.0 = Release|Any CPU
		{88DDAB51-D854-4B29-BF7B-9065AEA206C0}.Release|ARM.ActiveCfg = Release|Any CPU
		{88DDAB51-D854-4B29-BF7B-9065AEA206C0}.Release|ARM.Build.0 = Release|Any CPU
		{88DDAB51-D854-4B29-BF7B-9065AEA206C0}.Release|ARM64.ActiveCfg = Release|Any CPU
		{88DDAB51-D854-4B29-BF7B-9065AEA206C0}.Release|ARM64.Build.0 = Release|Any CPU
		{88DDAB51-D854-4B29-BF7B-9065AEA206C0}.Release|x64.ActiveCfg = Release|Any CPU
		{88DDAB51-D854-4B29-BF7B-9065AEA206C0}.Release|x64.Build.0 = Release|Any CPU
		{88DDAB51-D854-4B29-BF7B-9065AEA206C0}.Release|x86.ActiveCfg = Release|Any CPU
		{88DDAB51-D854-4B29-BF7B-9065AEA206C0}.Release|x86.Build.0 = Release|Any CPU
		{FECF6DE6-CBC2-4C55-8BBB-FAF480A42533}.Debug|Any CPU.ActiveCfg = Debug|Any CPU
		{FECF6DE6-CBC2-4C55-8BBB-FAF480A42533}.Debug|Any CPU.Build.0 = Debug|Any CPU
		{FECF6DE6-CBC2-4C55-8BBB-FAF480A42533}.Debug|ARM.ActiveCfg = Debug|Any CPU
		{FECF6DE6-CBC2-4C55-8BBB-FAF480A42533}.Debug|ARM.Build.0 = Debug|Any CPU
		{FECF6DE6-CBC2-4C55-8BBB-FAF480A42533}.Debug|ARM64.ActiveCfg = Debug|Any CPU
		{FECF6DE6-CBC2-4C55-8BBB-FAF480A42533}.Debug|ARM64.Build.0 = Debug|Any CPU
		{FECF6DE6-CBC2-4C55-8BBB-FAF480A42533}.Debug|x64.ActiveCfg = Debug|Any CPU
		{FECF6DE6-CBC2-4C55-8BBB-FAF480A42533}.Debug|x64.Build.0 = Debug|Any CPU
		{FECF6DE6-CBC2-4C55-8BBB-FAF480A42533}.Debug|x86.ActiveCfg = Debug|Any CPU
		{FECF6DE6-CBC2-4C55-8BBB-FAF480A42533}.Debug|x86.Build.0 = Debug|Any CPU
		{FECF6DE6-CBC2-4C55-8BBB-FAF480A42533}.Release|Any CPU.ActiveCfg = Release|Any CPU
		{FECF6DE6-CBC2-4C55-8BBB-FAF480A42533}.Release|Any CPU.Build.0 = Release|Any CPU
		{FECF6DE6-CBC2-4C55-8BBB-FAF480A42533}.Release|ARM.ActiveCfg = Release|Any CPU
		{FECF6DE6-CBC2-4C55-8BBB-FAF480A42533}.Release|ARM.Build.0 = Release|Any CPU
		{FECF6DE6-CBC2-4C55-8BBB-FAF480A42533}.Release|ARM64.ActiveCfg = Release|Any CPU
		{FECF6DE6-CBC2-4C55-8BBB-FAF480A42533}.Release|ARM64.Build.0 = Release|Any CPU
		{FECF6DE6-CBC2-4C55-8BBB-FAF480A42533}.Release|x64.ActiveCfg = Release|Any CPU
		{FECF6DE6-CBC2-4C55-8BBB-FAF480A42533}.Release|x64.Build.0 = Release|Any CPU
		{FECF6DE6-CBC2-4C55-8BBB-FAF480A42533}.Release|x86.ActiveCfg = Release|Any CPU
		{FECF6DE6-CBC2-4C55-8BBB-FAF480A42533}.Release|x86.Build.0 = Release|Any CPU
	EndGlobalSection
	GlobalSection(SolutionProperties) = preSolution
		HideSolutionNode = FALSE
	EndGlobalSection
	GlobalSection(ExtensibilityGlobals) = postSolution
		SolutionGuid = {93CED606-E548-4758-B8FD-4A19AF372679}
	EndGlobalSection
EndGlobal
